
Microsoft Visual Studio Solution File, Format Version 12.00
# Visual Studio 15
VisualStudioVersion = 15.0.28307.168
MinimumVisualStudioVersion = 10.0.40219.1
Project("{FAE04EC0-301F-11D3-BF4B-00C04F79EFBC}") = "PSV", "PSV\PSV.csproj", "{B58A1216-9C36-4C0C-85F9-5A5F802FE9CA}"
EndProject
Global
	GlobalSection(SolutionConfigurationPlatforms) = preSolution
		Debug|Any CPU = Debug|Any CPU
		Release|Any CPU = Release|Any CPU
	EndGlobalSection
	GlobalSection(ProjectConfigurationPlatforms) = postSolution
		{B58A1216-9C36-4C0C-85F9-5A5F802FE9CA}.Debug|Any CPU.ActiveCfg = Debug|Any CPU
		{B58A1216-9C36-4C0C-85F9-5A5F802FE9CA}.Debug|Any CPU.Build.0 = Debug|Any CPU
		{B58A1216-9C36-4C0C-85F9-5A5F802FE9CA}.Release|Any CPU.ActiveCfg = Release|Any CPU
		{B58A1216-9C36-4C0C-85F9-5A5F802FE9CA}.Release|Any CPU.Build.0 = Release|Any CPU
	EndGlobalSection
	GlobalSection(SolutionProperties) = preSolution
		HideSolutionNode = FALSE
	EndGlobalSection
	GlobalSection(ExtensibilityGlobals) = postSolution
		SolutionGuid = {738C6554-5858-43F2-A65B-88B4DB7C935A}
	EndGlobalSection
EndGlobal
