{
    "_meta": {
        "hash": {
            "sha256": "f41ef7a4f5c9580bd535dc88594eaf734904b06ad1a759bc25b129769a79c046"
        },
        "pipfile-spec": 6,
        "requires": {
            "python_version": "3.7"
        },
        "sources": [
            {
                "name": "pypi",
                "url": "https://pypi.org/simple",
                "verify_ssl": true
            }
        ]
    },
    "default": {
        "certifi": {
            "hashes": [
                "sha256:59b7658e26ca9c7339e00f8f4636cdfe59d34fa37b9b04f6f9e9926b3cece1a5",
                "sha256:b26104d6835d1f5e49452a26eb2ff87fe7090b89dfcaee5ea2212697e1e1d7ae"
            ],
            "version": "==2019.3.9"
        },
        "chardet": {
            "hashes": [
                "sha256:84ab92ed1c4d4f16916e05906b6b75a6c0fb5db821cc65e70cbd64a3e2a5eaae",
                "sha256:fc323ffcaeaed0e0a02bf4d117757b98aed530d9ed4531e3e15460124c106691"
            ],
            "version": "==3.0.4"
        },
        "deprecated": {
            "hashes": [
                "sha256:2f293eb0eee34b1fcf3da530fe8fc4b0d71d43ddc2dc78e2ffb444b6c0868557",
                "sha256:749f6cdcfbdc3f79258f8154bad43fced95adc632c337675d0385959895894bc"
            ],
            "version": "==1.2.5"
        },
        "gitdb2": {
            "hashes": [
                "sha256:83361131a1836661a155172932a13c08bda2db3674e4caa32368aa6eb02f38c2",
                "sha256:e3a0141c5f2a3f635c7209d56c496ebe1ad35da82fe4d3ec4aaa36278d70648a"
            ],
            "version": "==2.0.5"
        },
        "gitpython": {
            "hashes": [
                "sha256:563221e5a44369c6b79172f455584c9ebbb122a13368cc82cb4b5addff788f82",
                "sha256:8237dc5bfd6f1366abeee5624111b9d6879393d84745a507de0fda86043b65a8"
            ],
            "index": "pypi",
            "version": "==2.1.11"
        },
        "idna": {
            "hashes": [
                "sha256:c357b3f628cf53ae2c4c05627ecc484553142ca23264e593d327bcde5e9c3407",
                "sha256:ea8b7f6188e6fa117537c3df7da9fc686d485087abf6ac197f9c46432f7e4a3c"
            ],
            "version": "==2.8"
        },
        "mysql-connector-python": {
            "hashes": [
                "sha256:1d6a15879f198b2e5938429a7547f68549bf18658e82a2a68a5b75ee23bd7a8c",
                "sha256:2121a32dfaf1ff5a41a7924fb5f03d66c307bac403a42581bc13f788574b8051",
                "sha256:29c4dcfc8e4a6df70cfff87cf3787c8ea7596e6f0a2ad4416155850f541928f4",
                "sha256:51571919508cab8fa1e9b65879922b80b3cee58ed348660292b080ba8ad3a090",
                "sha256:5a1e4724a02bd85b976e8aa345e8b8235b0e72c47e6a4921cec158e6dfecba93",
                "sha256:5ce6a980062e2a7d447b98bef7d873aa26c6bbb987548a617b2d39a82c7d8d94",
                "sha256:62d323a6910ccdf05c582111e79fc0f2dcf65777db30019b3c8a23c3180e6e56",
                "sha256:6d38711cde96806dcc002625fa9fbf1dc6a03635c260835e82a9554960c2b204",
                "sha256:71f1835f10e168f72cc82e5eb87c0ec3b186bc73c11555a25dbd066fce31ebe1",
                "sha256:7d39197048b9980471880b93b111e0f8e2c30a43c6f93fcfa5fec048c1d485b4",
                "sha256:7f0c8d5bec3c926d6bbc91002dca0af5b6f249a2c003de304223b8c24cd1566e",
                "sha256:817d99ab6b1dc7e56657c0bca0b2a4a0166c905b0a5f8a187e98581b09906770",
                "sha256:a21bcc329de1c8dacaf9f53cb04a50af9ea0185336942a0badc2dbaab3bcaf1c",
                "sha256:aa96468674ab27354f9b26da38bbd295dea2ac4051571db729b4f0710f336ce9",
                "sha256:aeeaabbae49d45435166404363283c80692141bc2a9f74239eee49c0fef77a7d",
                "sha256:c15bff383985a497b85dec1f9f755af7c33ab7e82883c5f311ead6980fdca8fc",
                "sha256:cfddc27130a3a3b38f159611777b4ead2a02f8a88ecfb6921e9959bc0df6d97f",
                "sha256:e898646878bd315e9cd7b738c293271e88d9a94efd260c8dc1bae80d60eade22",
                "sha256:ea7d80e2b406dba3b20836e95d76e926d0f80034e5a015c0d8309d820225cb5b"
            ],
            "index": "pypi",
            "version": "==8.0.16"
        },
        "protobuf": {
            "hashes": [
                "sha256:21e395d7959551e759d604940a115c51c6347d90a475c9baf471a1a86b5604a9",
                "sha256:57e05e16955aee9e6a0389fcbd58d8289dd2420e47df1a1096b3a232c26eb2dd",
                "sha256:67819e8e48a74c68d87f25cad9f40edfe2faf278cdba5ca73173211b9213b8c9",
                "sha256:75da7d43a2c8a13b0bc7238ab3c8ae217cbfd5979d33b01e98e1f78defb2d060",
                "sha256:78e08371e236f193ce947712c072542ff19d0043ab5318c2ea46bbc2aaebdca6",
                "sha256:7ee5b595db5abb0096e8c4755e69c20dfad38b2d0bcc9bc7bafc652d2496b471",
                "sha256:86260ecfe7a66c0e9d82d2c61f86a14aa974d340d159b829b26f35f710f615db",
                "sha256:92c77db4bd33ea4ee5f15152a835273f2338a5246b2cbb84bab5d0d7f6e9ba94",
                "sha256:9c7b90943e0e188394b4f068926a759e3b4f63738190d1ab3d500d53b9ce7614",
                "sha256:a77f217ea50b2542bae5b318f7acee50d9fc8c95dd6d3656eaeff646f7cab5ee",
                "sha256:ad589ed1d1f83db22df867b10e01fe445516a5a4d7cfa37fe3590a5f6cfc508b",
                "sha256:b06a794901bf573f4b2af87e6139e5cd36ac7c91ac85d7ae3fe5b5f6fc317513",
                "sha256:bd8592cc5f8b4371d0bad92543370d4658dc41a5ccaaf105597eb5524c616291",
                "sha256:be48e5a6248a928ec43adf2bea037073e5da692c0b3c10b34f9904793bd63138",
                "sha256:cc5eb13f5ccc4b1b642cc147c2cdd121a34278b341c7a4d79e91182fff425836",
                "sha256:cd3b0e0ad69b74ee55e7c321f52a98effed2b4f4cc9a10f3683d869de00590d5",
                "sha256:d6e88c4920660aa75c0c2c4b53407aef5efd9a6e0ca7d2fc84d79aba2ccbda3a",
                "sha256:ec3c49b6d247152e19110c3a53d9bb4cf917747882017f70796460728b02722e"
            ],
            "version": "==3.7.1"
        },
        "pygithub": {
            "hashes": [
                "sha256:2ce91d4990efbfb7a0a1abd06e2106a3998a4a5810a4bdd3c1b6be5499918e9b"
            ],
            "index": "pypi",
            "version": "==1.43.7"
        },
        "pyjwt": {
            "hashes": [
                "sha256:5c6eca3c2940464d106b99ba83b00c6add741c9becaec087fb7ccdefea71350e",
                "sha256:8d59a976fb773f3e6a39c85636357c4f0e242707394cadadd9814f5cbaa20e96"
            ],
            "version": "==1.7.1"
        },
        "pymysql": {
            "hashes": [
                "sha256:3943fbbbc1e902f41daf7f9165519f140c4451c179380677e6a848587042561a",
                "sha256:d8c059dcd81dedb85a9f034d5e22dcb4442c0b201908bede99e306d65ea7c8e7"
            ],
            "index": "pypi",
            "version": "==0.9.3"
        },
        "requests": {
            "hashes": [
                "sha256:11e007a8a2aa0323f5a921e9e6a2d7e4e67d9877e85773fba9ba6419025cbeb4",
                "sha256:9cf5292fcd0f598c671cfc1e0d7d1a7f13bb8085e9a590f48c010551dc6c4b31"
            ],
            "version": "==2.22.0"
        },
        "six": {
            "hashes": [
                "sha256:3350809f0555b11f552448330d0b52d5f24c91a322ea4a15ef22629740f3761c",
                "sha256:d16a0141ec1a18405cd4ce8b4613101da75da0e9a7aec5bdd4fa804d0e0eba73"
            ],
            "version": "==1.12.0"
        },
        "smmap2": {
            "hashes": [
                "sha256:0555a7bf4df71d1ef4218e4807bbf9b201f910174e6e08af2e138d4e517b4dde",
                "sha256:29a9ffa0497e7f2be94ca0ed1ca1aa3cd4cf25a1f6b4f5f87f74b46ed91d609a"
            ],
            "version": "==2.0.5"
        },
        "urllib3": {
            "hashes": [
                "sha256:b246607a25ac80bedac05c6f282e3cdaf3afb65420fd024ac94435cabe6e18d1",
                "sha256:dbe59173209418ae49d485b87d1681aefa36252ee85884c31346debd19463232"
            ],
            "version": "==1.25.3"
        },
        "wrapt": {
            "hashes": [
                "sha256:4aea003270831cceb8a90ff27c4031da6ead7ec1886023b80ce0dfe0adf61533"
            ],
            "version": "==1.11.1"
        }
    },
    "develop": {
        "autopep8": {
            "hashes": [
                "sha256:4d8eec30cc81bc5617dbf1218201d770dc35629363547f17577c61683ccfb3ee"
            ],
            "index": "pypi",
            "version": "==1.4.4"
        },
        "pycodestyle": {
            "hashes": [
                "sha256:95a2219d12372f05704562a14ec30bc76b05a5b297b21a5dfe3f6fac3491ae56",
                "sha256:e40a936c9a450ad81df37f549d676d127b1b66000a6c500caa2b085bc0ca976c"
            ],
            "version": "==2.5.0"
        }
    }
}
